
Microsoft Visual Studio Solution File, Format Version 12.00
# Visual Studio Version 17
VisualStudioVersion = 17.9.34728.123
MinimumVisualStudioVersion = 10.0.40219.1
Project("{9A19103F-16F7-4668-BE54-9A1E7A4F7556}") = "CrudDemo.SqlServer", "CrudDemo.SqlServer\CrudDemo.SqlServer.csproj", "{299F4594-62F0-4D21-B25F-945DAE7F40E1}"
EndProject
Global
	GlobalSection(SolutionConfigurationPlatforms) = preSolution
		Debug|Any CPU = Debug|Any CPU
		Release|Any CPU = Release|Any CPU
	EndGlobalSection
	GlobalSection(ProjectConfigurationPlatforms) = postSolution
		{299F4594-62F0-4D21-B25F-945DAE7F40E1}.Debug|Any CPU.ActiveCfg = Debug|Any CPU
		{299F4594-62F0-4D21-B25F-945DAE7F40E1}.Debug|Any CPU.Build.0 = Debug|Any CPU
		{299F4594-62F0-4D21-B25F-945DAE7F40E1}.Release|Any CPU.ActiveCfg = Release|Any CPU
		{299F4594-62F0-4D21-B25F-945DAE7F40E1}.Release|Any CPU.Build.0 = Release|Any CPU
	EndGlobalSection
	GlobalSection(SolutionProperties) = preSolution
		HideSolutionNode = FALSE
	EndGlobalSection
	GlobalSection(ExtensibilityGlobals) = postSolution
		SolutionGuid = {F0A4E120-4F09-43E7-9955-E90D870E9488}
	EndGlobalSection
EndGlobal
